github.com/gomarkdown/markdown v0.0.0-20241105142532-d03b89096d81 h1:5lyLWsV+qCkoYqsKUDuycESh9DEIPVKN6iCFeL7ag50=
github.com/gomarkdown/markdown v0.0.0-20241105142532-d03b89096d81/go.mod h1:JDGcbDT52eL4fju3sZ4TeHGsQwhG9nbDV21aMyhwPoA=
github.com/google/uuid v1.6.0 h1:NIvaJDMOsjHA8n1jAhLSgzrAzy1Hgr+hNrb57e+94F0=
github.com/google/uuid v1.6.0/go.mod h1:TIyPZe4MgqvfeYDBFedMoGGpEw/LqOeaOT+nhxU+yHo=
github.com/philippgille/chromem-go v0.7.0 h1:4jfvfyKymjKNfGxBUhHUcj1kp7B17NL/I1P+vGh1RvY=
github.com/philippgille/chromem-go v0.7.0/go.mod h1:hTd+wGEm/fFPQl7ilfCwQXkgEUxceYh86iIdoKMolPo=
github.com/sashabaranov/go-openai v1.35.6 h1:oi0rwCvyxMxgFALDGnyqFTyCJm6n72OnEG3sybIFR0g=
github.com/sashabaranov/go-openai v1.35.6/go.mod h1:lj5b/K+zjTSFxVLijLSTDZuP7adOgerWeFyZLUhAKRg=
